
Microsoft Visual Studio Solution File, Format Version 12.00
# Visual Studio 15
VisualStudioVersion = 15.0.34526.175
MinimumVisualStudioVersion = 10.0.40219.1
Project("{FAE04EC0-301F-11D3-BF4B-00C04F79EFBC}") = "allP", "allP\allP.csproj", "{AD9ED2D2-805B-414C-A36A-F2D323ADA175}"
EndProject
Global
	GlobalSection(SolutionConfigurationPlatforms) = preSolution
		Debug|Any CPU = Debug|Any CPU
		Release|Any CPU = Release|Any CPU
	EndGlobalSection
	GlobalSection(ProjectConfigurationPlatforms) = postSolution
		{AD9ED2D2-805B-414C-A36A-F2D323ADA175}.Debug|Any CPU.ActiveCfg = Debug|Any CPU
		{AD9ED2D2-805B-414C-A36A-F2D323ADA175}.Debug|Any CPU.Build.0 = Debug|Any CPU
		{AD9ED2D2-805B-414C-A36A-F2D323ADA175}.Release|Any CPU.ActiveCfg = Release|Any CPU
		{AD9ED2D2-805B-414C-A36A-F2D323ADA175}.Release|Any CPU.Build.0 = Release|Any CPU
	EndGlobalSection
	GlobalSection(SolutionProperties) = preSolution
		HideSolutionNode = FALSE
	EndGlobalSection
	GlobalSection(ExtensibilityGlobals) = postSolution
		SolutionGuid = {5D066B04-DD27-4CA3-A1E9-2387EADE4FE8}
	EndGlobalSection
EndGlobal
