
Microsoft Visual Studio Solution File, Format Version 12.00
# Visual Studio 15
VisualStudioVersion = 15.0.34526.175
MinimumVisualStudioVersion = 10.0.40219.1
Project("{FAE04EC0-301F-11D3-BF4B-00C04F79EFBC}") = "WpfApp1", "WpfApp1\WpfApp1.csproj", "{7B01A78B-5B81-441E-A170-7BF151EA0C30}"
EndProject
Global
	GlobalSection(SolutionConfigurationPlatforms) = preSolution
		Debug|Any CPU = Debug|Any CPU
		Release|Any CPU = Release|Any CPU
	EndGlobalSection
	GlobalSection(ProjectConfigurationPlatforms) = postSolution
		{7B01A78B-5B81-441E-A170-7BF151EA0C30}.Debug|Any CPU.ActiveCfg = Debug|Any CPU
		{7B01A78B-5B81-441E-A170-7BF151EA0C30}.Debug|Any CPU.Build.0 = Debug|Any CPU
		{7B01A78B-5B81-441E-A170-7BF151EA0C30}.Release|Any CPU.ActiveCfg = Release|Any CPU
		{7B01A78B-5B81-441E-A170-7BF151EA0C30}.Release|Any CPU.Build.0 = Release|Any CPU
	EndGlobalSection
	GlobalSection(SolutionProperties) = preSolution
		HideSolutionNode = FALSE
	EndGlobalSection
	GlobalSection(ExtensibilityGlobals) = postSolution
		SolutionGuid = {A183EA3C-B12D-4283-A9BD-16458C2F411C}
	EndGlobalSection
EndGlobal
